
Microsoft Visual Studio Solution File, Format Version 12.00
# Visual Studio Version 17
VisualStudioVersion = 17.0.31903.59
MinimumVisualStudioVersion = 10.0.40219.1
Project("{2150E333-8FDC-42A3-9474-1A3956D46DE8}") = "src", "src", "{827E0CD3-B72D-47B6-A68D-7590B98EB39B}"
EndProject
Project("{2150E333-8FDC-42A3-9474-1A3956D46DE8}") = "Api", "Api", "{81034408-37C8-1011-444E-4C15C2FADA8E}"
EndProject
Project("{FAE04EC0-301F-11D3-BF4B-00C04F79EFBC}") = "LiaraDocsAssistant.Api", "src\Api\LiaraDocsAssistant.Api.csproj", "{2622CFF0-BB64-4285-B57C-4130C28E6096}"
EndProject
Project("{2150E333-8FDC-42A3-9474-1A3956D46DE8}") = "Data", "Data", "{58A5B24B-8FB4-5A6E-5EF4-1E3E19F29B1B}"
EndProject
Project("{FAE04EC0-301F-11D3-BF4B-00C04F79EFBC}") = "LiaraDocsAssistant.Data", "src\Data\LiaraDocsAssistant.Data.csproj", "{D571BE7A-D347-494C-8291-7EFA3C49738B}"
EndProject
Project("{2150E333-8FDC-42A3-9474-1A3956D46DE8}") = "Agent", "Agent", "{096B6098-F141-7114-B090-72D1899D8853}"
EndProject
Project("{FAE04EC0-301F-11D3-BF4B-00C04F79EFBC}") = "LiaraDocsAssistant.Agent", "src\Agent\LiaraDocsAssistant.Agent.csproj", "{D68A83F6-B352-45F6-A5B7-1D70641CF978}"
EndProject
Project("{2150E333-8FDC-42A3-9474-1A3956D46DE8}") = "Retrieval", "Retrieval", "{871EE988-4BE7-E33B-B9DC-BC20615FB69E}"
EndProject
Project("{FAE04EC0-301F-11D3-BF4B-00C04F79EFBC}") = "LiaraDocsAssistant.Retrieval", "src\Retrieval\LiaraDocsAssistant.Retrieval.csproj", "{1509B852-2C79-456B-A557-5F71217660CF}"
EndProject
Project("{2150E333-8FDC-42A3-9474-1A3956D46DE8}") = "Ingestion", "Ingestion", "{6999BB95-48D9-2F89-3C7F-00564788F543}"
EndProject
Project("{FAE04EC0-301F-11D3-BF4B-00C04F79EFBC}") = "LiaraDocsAssistant.Ingestion", "src\Ingestion\LiaraDocsAssistant.Ingestion.csproj", "{0DC18EFD-DC2C-40C0-93D2-766C54B95F06}"
EndProject
Global
	GlobalSection(SolutionConfigurationPlatforms) = preSolution
		Debug|Any CPU = Debug|Any CPU
		Debug|x64 = Debug|x64
		Debug|x86 = Debug|x86
		Release|Any CPU = Release|Any CPU
		Release|x64 = Release|x64
		Release|x86 = Release|x86
	EndGlobalSection
	GlobalSection(ProjectConfigurationPlatforms) = postSolution
		{2622CFF0-BB64-4285-B57C-4130C28E6096}.Debug|Any CPU.ActiveCfg = Debug|Any CPU
		{2622CFF0-BB64-4285-B57C-4130C28E6096}.Debug|Any CPU.Build.0 = Debug|Any CPU
		{2622CFF0-BB64-4285-B57C-4130C28E6096}.Debug|x64.ActiveCfg = Debug|Any CPU
		{2622CFF0-BB64-4285-B57C-4130C28E6096}.Debug|x64.Build.0 = Debug|Any CPU
		{2622CFF0-BB64-4285-B57C-4130C28E6096}.Debug|x86.ActiveCfg = Debug|Any CPU
		{2622CFF0-BB64-4285-B57C-4130C28E6096}.Debug|x86.Build.0 = Debug|Any CPU
		{2622CFF0-BB64-4285-B57C-4130C28E6096}.Release|Any CPU.ActiveCfg = Release|Any CPU
		{2622CFF0-BB64-4285-B57C-4130C28E6096}.Release|Any CPU.Build.0 = Release|Any CPU
		{2622CFF0-BB64-4285-B57C-4130C28E6096}.Release|x64.ActiveCfg = Release|Any CPU
		{2622CFF0-BB64-4285-B57C-4130C28E6096}.Release|x64.Build.0 = Release|Any CPU
		{2622CFF0-BB64-4285-B57C-4130C28E6096}.Release|x86.ActiveCfg = Release|Any CPU
		{2622CFF0-BB64-4285-B57C-4130C28E6096}.Release|x86.Build.0 = Release|Any CPU
		{D571BE7A-D347-494C-8291-7EFA3C49738B}.Debug|Any CPU.ActiveCfg = Debug|Any CPU
		{D571BE7A-D347-494C-8291-7EFA3C49738B}.Debug|Any CPU.Build.0 = Debug|Any CPU
		{D571BE7A-D347-494C-8291-7EFA3C49738B}.Debug|x64.ActiveCfg = Debug|Any CPU
		{D571BE7A-D347-494C-8291-7EFA3C49738B}.Debug|x64.Build.0 = Debug|Any CPU
		{D571BE7A-D347-494C-8291-7EFA3C49738B}.Debug|x86.ActiveCfg = Debug|Any CPU
		{D571BE7A-D347-494C-8291-7EFA3C49738B}.Debug|x86.Build.0 = Debug|Any CPU
		{D571BE7A-D347-494C-8291-7EFA3C49738B}.Release|Any CPU.ActiveCfg = Release|Any CPU
		{D571BE7A-D347-494C-8291-7EFA3C49738B}.Release|Any CPU.Build.0 = Release|Any CPU
		{D571BE7A-D347-494C-8291-7EFA3C49738B}.Release|x64.ActiveCfg = Release|Any CPU
		{D571BE7A-D347-494C-8291-7EFA3C49738B}.Release|x64.Build.0 = Release|Any CPU
		{D571BE7A-D347-494C-8291-7EFA3C49738B}.Release|x86.ActiveCfg = Release|Any CPU
		{D571BE7A-D347-494C-8291-7EFA3C49738B}.Release|x86.Build.0 = Release|Any CPU
		{D68A83F6-B352-45F6-A5B7-1D70641CF978}.Debug|Any CPU.ActiveCfg = Debug|Any CPU
		{D68A83F6-B352-45F6-A5B7-1D70641CF978}.Debug|Any CPU.Build.0 = Debug|Any CPU
		{D68A83F6-B352-45F6-A5B7-1D70641CF978}.Debug|x64.ActiveCfg = Debug|Any CPU
		{D68A83F6-B352-45F6-A5B7-1D70641CF978}.Debug|x64.Build.0 = Debug|Any CPU
		{D68A83F6-B352-45F6-A5B7-1D70641CF978}.Debug|x86.ActiveCfg = Debug|Any CPU
		{D68A83F6-B352-45F6-A5B7-1D70641CF978}.Debug|x86.Build.0 = Debug|Any CPU
		{D68A83F6-B352-45F6-A5B7-1D70641CF978}.Release|Any CPU.ActiveCfg = Release|Any CPU
		{D68A83F6-B352-45F6-A5B7-1D70641CF978}.Release|Any CPU.Build.0 = Release|Any CPU
		{D68A83F6-B352-45F6-A5B7-1D70641CF978}.Release|x64.ActiveCfg = Release|Any CPU
		{D68A83F6-B352-45F6-A5B7-1D70641CF978}.Release|x64.Build.0 = Release|Any CPU
		{D68A83F6-B352-45F6-A5B7-1D70641CF978}.Release|x86.ActiveCfg = Release|Any CPU
		{D68A83F6-B352-45F6-A5B7-1D70641CF978}.Release|x86.Build.0 = Release|Any CPU
		{1509B852-2C79-456B-A557-5F71217660CF}.Debug|Any CPU.ActiveCfg = Debug|Any CPU
		{1509B852-2C79-456B-A557-5F71217660CF}.Debug|Any CPU.Build.0 = Debug|Any CPU
		{1509B852-2C79-456B-A557-5F71217660CF}.Debug|x64.ActiveCfg = Debug|Any CPU
		{1509B852-2C79-456B-A557-5F71217660CF}.Debug|x64.Build.0 = Debug|Any CPU
		{1509B852-2C79-456B-A557-5F71217660CF}.Debug|x86.ActiveCfg = Debug|Any CPU
		{1509B852-2C79-456B-A557-5F71217660CF}.Debug|x86.Build.0 = Debug|Any CPU
		{1509B852-2C79-456B-A557-5F71217660CF}.Release|Any CPU.ActiveCfg = Release|Any CPU
		{1509B852-2C79-456B-A557-5F71217660CF}.Release|Any CPU.Build.0 = Release|Any CPU
		{1509B852-2C79-456B-A557-5F71217660CF}.Release|x64.ActiveCfg = Release|Any CPU
		{1509B852-2C79-456B-A557-5F71217660CF}.Release|x64.Build.0 = Release|Any CPU
		{1509B852-2C79-456B-A557-5F71217660CF}.Release|x86.ActiveCfg = Release|Any CPU
		{1509B852-2C79-456B-A557-5F71217660CF}.Release|x86.Build.0 = Release|Any CPU
		{0DC18EFD-DC2C-40C0-93D2-766C54B95F06}.Debug|Any CPU.ActiveCfg = Debug|Any CPU
		{0DC18EFD-DC2C-40C0-93D2-766C54B95F06}.Debug|Any CPU.Build.0 = Debug|Any CPU
		{0DC18EFD-DC2C-40C0-93D2-766C54B95F06}.Debug|x64.ActiveCfg = Debug|Any CPU
		{0DC18EFD-DC2C-40C0-93D2-766C54B95F06}.Debug|x64.Build.0 = Debug|Any CPU
		{0DC18EFD-DC2C-40C0-93D2-766C54B95F06}.Debug|x86.ActiveCfg = Debug|Any CPU
		{0DC18EFD-DC2C-40C0-93D2-766C54B95F06}.Debug|x86.Build.0 = Debug|Any CPU
		{0DC18EFD-DC2C-40C0-93D2-766C54B95F06}.Release|Any CPU.ActiveCfg = Release|Any CPU
		{0DC18EFD-DC2C-40C0-93D2-766C54B95F06}.Release|Any CPU.Build.0 = Release|Any CPU
		{0DC18EFD-DC2C-40C0-93D2-766C54B95F06}.Release|x64.ActiveCfg = Release|Any CPU
		{0DC18EFD-DC2C-40C0-93D2-766C54B95F06}.Release|x64.Build.0 = Release|Any CPU
		{0DC18EFD-DC2C-40C0-93D2-766C54B95F06}.Release|x86.ActiveCfg = Release|Any CPU
		{0DC18EFD-DC2C-40C0-93D2-766C54B95F06}.Release|x86.Build.0 = Release|Any CPU
	EndGlobalSection
	GlobalSection(SolutionProperties) = preSolution
		HideSolutionNode = FALSE
	EndGlobalSection
	GlobalSection(NestedProjects) = preSolution
		{81034408-37C8-1011-444E-4C15C2FADA8E} = {827E0CD3-B72D-47B6-A68D-7590B98EB39B}
		{2622CFF0-BB64-4285-B57C-4130C28E6096} = {81034408-37C8-1011-444E-4C15C2FADA8E}
		{58A5B24B-8FB4-5A6E-5EF4-1E3E19F29B1B} = {827E0CD3-B72D-47B6-A68D-7590B98EB39B}
		{D571BE7A-D347-494C-8291-7EFA3C49738B} = {58A5B24B-8FB4-5A6E-5EF4-1E3E19F29B1B}
		{096B6098-F141-7114-B090-72D1899D8853} = {827E0CD3-B72D-47B6-A68D-7590B98EB39B}
		{D68A83F6-B352-45F6-A5B7-1D70641CF978} = {096B6098-F141-7114-B090-72D1899D8853}
		{871EE988-4BE7-E33B-B9DC-BC20615FB69E} = {827E0CD3-B72D-47B6-A68D-7590B98EB39B}
		{1509B852-2C79-456B-A557-5F71217660CF} = {871EE988-4BE7-E33B-B9DC-BC20615FB69E}
		{6999BB95-48D9-2F89-3C7F-00564788F543} = {827E0CD3-B72D-47B6-A68D-7590B98EB39B}
		{0DC18EFD-DC2C-40C0-93D2-766C54B95F06} = {6999BB95-48D9-2F89-3C7F-00564788F543}
	EndGlobalSection
EndGlobal
